// !$*UTF8*$!
{
	archiveVersion = 1;
	classes = {
	};
	objectVersion = 56;
	objects = {

/* Begin PBXBuildFile section */
		900675932B59035A009092FD /* CurrencyViewModel.swift in Sources */ = {isa = PBXBuildFile; fileRef = 900675922B59035A009092FD /* CurrencyViewModel.swift */; };
		900675952B5903F7009092FD /* CurrencyStorage.swift in Sources */ = {isa = PBXBuildFile; fileRef = 900675942B5903F7009092FD /* CurrencyStorage.swift */; };
		900675962B590401009092FD /* CurrencyViewModel.swift in Sources */ = {isa = PBXBuildFile; fileRef = 900675922B59035A009092FD /* CurrencyViewModel.swift */; };
		900675972B590403009092FD /* CurrencyStorage.swift in Sources */ = {isa = PBXBuildFile; fileRef = 900675942B5903F7009092FD /* CurrencyStorage.swift */; };
		900675992B590415009092FD /* CurrencyAPIService.swift in Sources */ = {isa = PBXBuildFile; fileRef = 900675982B590415009092FD /* CurrencyAPIService.swift */; };
		9006759A2B590415009092FD /* CurrencyAPIService.swift in Sources */ = {isa = PBXBuildFile; fileRef = 900675982B590415009092FD /* CurrencyAPIService.swift */; };
		9006759D2B59045C009092FD /* UserDefaults+Wrapper.swift in Sources */ = {isa = PBXBuildFile; fileRef = 9006759C2B59045C009092FD /* UserDefaults+Wrapper.swift */; };
		9006759E2B59045C009092FD /* UserDefaults+Wrapper.swift in Sources */ = {isa = PBXBuildFile; fileRef = 9006759C2B59045C009092FD /* UserDefaults+Wrapper.swift */; };
		900675A02B590471009092FD /* CurrencyStorageProtocol.swift in Sources */ = {isa = PBXBuildFile; fileRef = 9006759F2B590471009092FD /* CurrencyStorageProtocol.swift */; };
		900675A12B590471009092FD /* CurrencyStorageProtocol.swift in Sources */ = {isa = PBXBuildFile; fileRef = 9006759F2B590471009092FD /* CurrencyStorageProtocol.swift */; };
		900675A32B5904AC009092FD /* APIServiceProtocol.swift in Sources */ = {isa = PBXBuildFile; fileRef = 900675A22B5904AC009092FD /* APIServiceProtocol.swift */; };
		900675A42B5904AC009092FD /* APIServiceProtocol.swift in Sources */ = {isa = PBXBuildFile; fileRef = 900675A22B5904AC009092FD /* APIServiceProtocol.swift */; };
		900675A62B5904EB009092FD /* NetworkError.swift in Sources */ = {isa = PBXBuildFile; fileRef = 900675A52B5904EB009092FD /* NetworkError.swift */; };
		900675A72B5904EB009092FD /* NetworkError.swift in Sources */ = {isa = PBXBuildFile; fileRef = 900675A52B5904EB009092FD /* NetworkError.swift */; };
		900675A92B5904FE009092FD /* FailedResponse.swift in Sources */ = {isa = PBXBuildFile; fileRef = 900675A82B5904FE009092FD /* FailedResponse.swift */; };
		900675AA2B5904FE009092FD /* FailedResponse.swift in Sources */ = {isa = PBXBuildFile; fileRef = 900675A82B5904FE009092FD /* FailedResponse.swift */; };
		900675AC2B590516009092FD /* Date+Today.swift in Sources */ = {isa = PBXBuildFile; fileRef = 900675AB2B590516009092FD /* Date+Today.swift */; };
		900675AD2B590516009092FD /* Date+Today.swift in Sources */ = {isa = PBXBuildFile; fileRef = 900675AB2B590516009092FD /* Date+Today.swift */; };
		900675AF2B590531009092FD /* CurrencyRates.swift in Sources */ = {isa = PBXBuildFile; fileRef = 900675AE2B590531009092FD /* CurrencyRates.swift */; };
		900675B02B590531009092FD /* CurrencyRates.swift in Sources */ = {isa = PBXBuildFile; fileRef = 900675AE2B590531009092FD /* CurrencyRates.swift */; };
		900675B22B59056D009092FD /* NumberFormatters.swift in Sources */ = {isa = PBXBuildFile; fileRef = 900675B12B59056D009092FD /* NumberFormatters.swift */; };
		900675B32B59056D009092FD /* NumberFormatters.swift in Sources */ = {isa = PBXBuildFile; fileRef = 900675B12B59056D009092FD /* NumberFormatters.swift */; };
		900675B52B59058B009092FD /* Constants.swift in Sources */ = {isa = PBXBuildFile; fileRef = 900675B42B59058B009092FD /* Constants.swift */; };
		900675B62B59058B009092FD /* Constants.swift in Sources */ = {isa = PBXBuildFile; fileRef = 900675B42B59058B009092FD /* Constants.swift */; };
		900675B82B5905A0009092FD /* Currency.swift in Sources */ = {isa = PBXBuildFile; fileRef = 900675B72B5905A0009092FD /* Currency.swift */; };
		900675B92B5905A0009092FD /* Currency.swift in Sources */ = {isa = PBXBuildFile; fileRef = 900675B72B5905A0009092FD /* Currency.swift */; };
		907802B82B57BC38007BA87C /* ExchangeCurrencyClientApp.swift in Sources */ = {isa = PBXBuildFile; fileRef = 907802B72B57BC38007BA87C /* ExchangeCurrencyClientApp.swift */; };
		907802BA2B57BC38007BA87C /* ExchangeView.swift in Sources */ = {isa = PBXBuildFile; fileRef = 907802B92B57BC38007BA87C /* ExchangeView.swift */; };
		907802BC2B57BC39007BA87C /* Assets.xcassets in Resources */ = {isa = PBXBuildFile; fileRef = 907802BB2B57BC39007BA87C /* Assets.xcassets */; };
		907802BF2B57BC39007BA87C /* Preview Assets.xcassets in Resources */ = {isa = PBXBuildFile; fileRef = 907802BE2B57BC39007BA87C /* Preview Assets.xcassets */; };
		907802C92B57BC39007BA87C /* CurrencyViewModelTests.swift in Sources */ = {isa = PBXBuildFile; fileRef = 907802C82B57BC39007BA87C /* CurrencyViewModelTests.swift */; };
		907802E22B57D580007BA87C /* Localizable.xcstrings in Resources */ = {isa = PBXBuildFile; fileRef = 907802E12B57D580007BA87C /* Localizable.xcstrings */; };
		907802E32B57D580007BA87C /* Localizable.xcstrings in Resources */ = {isa = PBXBuildFile; fileRef = 907802E12B57D580007BA87C /* Localizable.xcstrings */; };
/* End PBXBuildFile section */

/* Begin PBXContainerItemProxy section */
		907802C52B57BC39007BA87C /* PBXContainerItemProxy */ = {
			isa = PBXContainerItemProxy;
			containerPortal = 907802AC2B57BC38007BA87C /* Project object */;
			proxyType = 1;
			remoteGlobalIDString = 907802B32B57BC38007BA87C;
			remoteInfo = ExchangeCurrencyClient;
		};
/* End PBXContainerItemProxy section */

/* Begin PBXFileReference section */
		900675922B59035A009092FD /* CurrencyViewModel.swift */ = {isa = PBXFileReference; lastKnownFileType = sourcecode.swift; path = CurrencyViewModel.swift; sourceTree = "<group>"; };
		900675942B5903F7009092FD /* CurrencyStorage.swift */ = {isa = PBXFileReference; lastKnownFileType = sourcecode.swift; path = CurrencyStorage.swift; sourceTree = "<group>"; };
		900675982B590415009092FD /* CurrencyAPIService.swift */ = {isa = PBXFileReference; lastKnownFileType = sourcecode.swift; path = CurrencyAPIService.swift; sourceTree = "<group>"; };
		9006759C2B59045C009092FD /* UserDefaults+Wrapper.swift */ = {isa = PBXFileReference; lastKnownFileType = sourcecode.swift; path = "UserDefaults+Wrapper.swift"; sourceTree = "<group>"; };
		9006759F2B590471009092FD /* CurrencyStorageProtocol.swift */ = {isa = PBXFileReference; lastKnownFileType = sourcecode.swift; path = CurrencyStorageProtocol.swift; sourceTree = "<group>"; };
		900675A22B5904AC009092FD /* APIServiceProtocol.swift */ = {isa = PBXFileReference; lastKnownFileType = sourcecode.swift; path = APIServiceProtocol.swift; sourceTree = "<group>"; };
		900675A52B5904EB009092FD /* NetworkError.swift */ = {isa = PBXFileReference; lastKnownFileType = sourcecode.swift; path = NetworkError.swift; sourceTree = "<group>"; };
		900675A82B5904FE009092FD /* FailedResponse.swift */ = {isa = PBXFileReference; lastKnownFileType = sourcecode.swift; path = FailedResponse.swift; sourceTree = "<group>"; };
		900675AB2B590516009092FD /* Date+Today.swift */ = {isa = PBXFileReference; lastKnownFileType = sourcecode.swift; path = "Date+Today.swift"; sourceTree = "<group>"; };
		900675AE2B590531009092FD /* CurrencyRates.swift */ = {isa = PBXFileReference; lastKnownFileType = sourcecode.swift; path = CurrencyRates.swift; sourceTree = "<group>"; };
		900675B12B59056D009092FD /* NumberFormatters.swift */ = {isa = PBXFileReference; lastKnownFileType = sourcecode.swift; path = NumberFormatters.swift; sourceTree = "<group>"; };
		900675B42B59058B009092FD /* Constants.swift */ = {isa = PBXFileReference; lastKnownFileType = sourcecode.swift; path = Constants.swift; sourceTree = "<group>"; };
		900675B72B5905A0009092FD /* Currency.swift */ = {isa = PBXFileReference; lastKnownFileType = sourcecode.swift; path = Currency.swift; sourceTree = "<group>"; };
		907802B42B57BC38007BA87C /* ExchangeCurrencyClient.app */ = {isa = PBXFileReference; explicitFileType = wrapper.application; includeInIndex = 0; path = ExchangeCurrencyClient.app; sourceTree = BUILT_PRODUCTS_DIR; };
		907802B72B57BC38007BA87C /* ExchangeCurrencyClientApp.swift */ = {isa = PBXFileReference; lastKnownFileType = sourcecode.swift; path = ExchangeCurrencyClientApp.swift; sourceTree = "<group>"; };
		907802B92B57BC38007BA87C /* ExchangeView.swift */ = {isa = PBXFileReference; lastKnownFileType = sourcecode.swift; path = ExchangeView.swift; sourceTree = "<group>"; };
		907802BB2B57BC39007BA87C /* Assets.xcassets */ = {isa = PBXFileReference; lastKnownFileType = folder.assetcatalog; path = Assets.xcassets; sourceTree = "<group>"; };
		907802BE2B57BC39007BA87C /* Preview Assets.xcassets */ = {isa = PBXFileReference; lastKnownFileType = folder.assetcatalog; path = "Preview Assets.xcassets"; sourceTree = "<group>"; };
		907802C42B57BC39007BA87C /* ExchangeCurrencyClientTests.xctest */ = {isa = PBXFileReference; explicitFileType = wrapper.cfbundle; includeInIndex = 0; path = ExchangeCurrencyClientTests.xctest; sourceTree = BUILT_PRODUCTS_DIR; };
		907802C82B57BC39007BA87C /* CurrencyViewModelTests.swift */ = {isa = PBXFileReference; lastKnownFileType = sourcecode.swift; path = CurrencyViewModelTests.swift; sourceTree = "<group>"; };
		907802E12B57D580007BA87C /* Localizable.xcstrings */ = {isa = PBXFileReference; lastKnownFileType = text.json.xcstrings; path = Localizable.xcstrings; sourceTree = "<group>"; };
		907802ED2B580387007BA87C /* Info.plist */ = {isa = PBXFileReference; lastKnownFileType = text.plist; path = Info.plist; sourceTree = "<group>"; };
/* End PBXFileReference section */

/* Begin PBXFrameworksBuildPhase section */
		907802B12B57BC38007BA87C /* Frameworks */ = {
			isa = PBXFrameworksBuildPhase;
			buildActionMask = 2147483647;
			files = (
			);
			runOnlyForDeploymentPostprocessing = 0;
		};
		907802C12B57BC39007BA87C /* Frameworks */ = {
			isa = PBXFrameworksBuildPhase;
			buildActionMask = 2147483647;
			files = (
			);
			runOnlyForDeploymentPostprocessing = 0;
		};
/* End PBXFrameworksBuildPhase section */

/* Begin PBXGroup section */
		9006758D2B58F7AA009092FD /* Constants */ = {
			isa = PBXGroup;
			children = (
				900675B42B59058B009092FD /* Constants.swift */,
			);
			path = Constants;
			sourceTree = "<group>";
		};
		9006758E2B58F7B2009092FD /* Protocols */ = {
			isa = PBXGroup;
			children = (
				9006759F2B590471009092FD /* CurrencyStorageProtocol.swift */,
				900675A22B5904AC009092FD /* APIServiceProtocol.swift */,
			);
			path = Protocols;
			sourceTree = "<group>";
		};
		9006758F2B58F7B9009092FD /* Models */ = {
			isa = PBXGroup;
			children = (
				900675AE2B590531009092FD /* CurrencyRates.swift */,
				900675A52B5904EB009092FD /* NetworkError.swift */,
				900675A82B5904FE009092FD /* FailedResponse.swift */,
				900675B12B59056D009092FD /* NumberFormatters.swift */,
				900675B72B5905A0009092FD /* Currency.swift */,
			);
			path = Models;
			sourceTree = "<group>";
		};
		900675902B58F7C6009092FD /* Extensions */ = {
			isa = PBXGroup;
			children = (
				900675AB2B590516009092FD /* Date+Today.swift */,
			);
			path = Extensions;
			sourceTree = "<group>";
		};
		900675912B590321009092FD /* Services */ = {
			isa = PBXGroup;
			children = (
				900675942B5903F7009092FD /* CurrencyStorage.swift */,
				900675982B590415009092FD /* CurrencyAPIService.swift */,
			);
			path = Services;
			sourceTree = "<group>";
		};
		9006759B2B590444009092FD /* Wrappers */ = {
			isa = PBXGroup;
			children = (
				9006759C2B59045C009092FD /* UserDefaults+Wrapper.swift */,
			);
			path = Wrappers;
			sourceTree = "<group>";
		};
		907802AB2B57BC38007BA87C = {
			isa = PBXGroup;
			children = (
				907802B62B57BC38007BA87C /* ExchangeCurrencyClient */,
				907802C72B57BC39007BA87C /* ExchangeCurrencyClientTests */,
				907802B52B57BC38007BA87C /* Products */,
			);
			sourceTree = "<group>";
		};
		907802B52B57BC38007BA87C /* Products */ = {
			isa = PBXGroup;
			children = (
				907802B42B57BC38007BA87C /* ExchangeCurrencyClient.app */,
				907802C42B57BC39007BA87C /* ExchangeCurrencyClientTests.xctest */,
			);
			name = Products;
			sourceTree = "<group>";
		};
		907802B62B57BC38007BA87C /* ExchangeCurrencyClient */ = {
			isa = PBXGroup;
			children = (
				907802ED2B580387007BA87C /* Info.plist */,
				907802B72B57BC38007BA87C /* ExchangeCurrencyClientApp.swift */,
				907802B92B57BC38007BA87C /* ExchangeView.swift */,
				900675922B59035A009092FD /* CurrencyViewModel.swift */,
				900675912B590321009092FD /* Services */,
				900675902B58F7C6009092FD /* Extensions */,
				9006758F2B58F7B9009092FD /* Models */,
				9006758E2B58F7B2009092FD /* Protocols */,
				9006758D2B58F7AA009092FD /* Constants */,
				9006759B2B590444009092FD /* Wrappers */,
				907802BB2B57BC39007BA87C /* Assets.xcassets */,
				907802E12B57D580007BA87C /* Localizable.xcstrings */,
				907802BD2B57BC39007BA87C /* Preview Content */,
			);
			path = ExchangeCurrencyClient;
			sourceTree = "<group>";
		};
		907802BD2B57BC39007BA87C /* Preview Content */ = {
			isa = PBXGroup;
			children = (
				907802BE2B57BC39007BA87C /* Preview Assets.xcassets */,
			);
			path = "Preview Content";
			sourceTree = "<group>";
		};
		907802C72B57BC39007BA87C /* ExchangeCurrencyClientTests */ = {
			isa = PBXGroup;
			children = (
				907802C82B57BC39007BA87C /* CurrencyViewModelTests.swift */,
			);
			path = ExchangeCurrencyClientTests;
			sourceTree = "<group>";
		};
/* End PBXGroup section */

/* Begin PBXNativeTarget section */
		907802B32B57BC38007BA87C /* ExchangeCurrencyClient */ = {
			isa = PBXNativeTarget;
			buildConfigurationList = 907802D82B57BC39007BA87C /* Build configuration list for PBXNativeTarget "ExchangeCurrencyClient" */;
			buildPhases = (
				907802B02B57BC38007BA87C /* Sources */,
				907802B12B57BC38007BA87C /* Frameworks */,
				907802B22B57BC38007BA87C /* Resources */,
			);
			buildRules = (
			);
			dependencies = (
			);
			name = ExchangeCurrencyClient;
			productName = ExchangeCurrencyClient;
			productReference = 907802B42B57BC38007BA87C /* ExchangeCurrencyClient.app */;
			productType = "com.apple.product-type.application";
		};
		907802C32B57BC39007BA87C /* ExchangeCurrencyClientTests */ = {
			isa = PBXNativeTarget;
			buildConfigurationList = 907802DB2B57BC39007BA87C /* Build configuration list for PBXNativeTarget "ExchangeCurrencyClientTests" */;
			buildPhases = (
				907802C02B57BC39007BA87C /* Sources */,
				907802C12B57BC39007BA87C /* Frameworks */,
				907802C22B57BC39007BA87C /* Resources */,
			);
			buildRules = (
			);
			dependencies = (
				907802C62B57BC39007BA87C /* PBXTargetDependency */,
			);
			name = ExchangeCurrencyClientTests;
			productName = ExchangeCurrencyClientTests;
			productReference = 907802C42B57BC39007BA87C /* ExchangeCurrencyClientTests.xctest */;
			productType = "com.apple.product-type.bundle.unit-test";
		};
/* End PBXNativeTarget section */

/* Begin PBXProject section */
		907802AC2B57BC38007BA87C /* Project object */ = {
			isa = PBXProject;
			attributes = {
				BuildIndependentTargetsInParallel = 1;
				LastSwiftUpdateCheck = 1520;
				LastUpgradeCheck = 1520;
				TargetAttributes = {
					907802B32B57BC38007BA87C = {
						CreatedOnToolsVersion = 15.2;
					};
					907802C32B57BC39007BA87C = {
						CreatedOnToolsVersion = 15.2;
						TestTargetID = 907802B32B57BC38007BA87C;
					};
				};
			};
			buildConfigurationList = 907802AF2B57BC38007BA87C /* Build configuration list for PBXProject "ExchangeCurrencyClient" */;
			compatibilityVersion = "Xcode 14.0";
			developmentRegion = en;
			hasScannedForEncodings = 0;
			knownRegions = (
				en,
				Base,
				es,
				ru,
			);
			mainGroup = 907802AB2B57BC38007BA87C;
			productRefGroup = 907802B52B57BC38007BA87C /* Products */;
			projectDirPath = "";
			projectRoot = "";
			targets = (
				907802B32B57BC38007BA87C /* ExchangeCurrencyClient */,
				907802C32B57BC39007BA87C /* ExchangeCurrencyClientTests */,
			);
		};
/* End PBXProject section */

/* Begin PBXResourcesBuildPhase section */
		907802B22B57BC38007BA87C /* Resources */ = {
			isa = PBXResourcesBuildPhase;
			buildActionMask = 2147483647;
			files = (
				907802BF2B57BC39007BA87C /* Preview Assets.xcassets in Resources */,
				907802BC2B57BC39007BA87C /* Assets.xcassets in Resources */,
				907802E22B57D580007BA87C /* Localizable.xcstrings in Resources */,
			);
			runOnlyForDeploymentPostprocessing = 0;
		};
		907802C22B57BC39007BA87C /* Resources */ = {
			isa = PBXResourcesBuildPhase;
			buildActionMask = 2147483647;
			files = (
				907802E32B57D580007BA87C /* Localizable.xcstrings in Resources */,
			);
			runOnlyForDeploymentPostprocessing = 0;
		};
/* End PBXResourcesBuildPhase section */

/* Begin PBXSourcesBuildPhase section */
		907802B02B57BC38007BA87C /* Sources */ = {
			isa = PBXSourcesBuildPhase;
			buildActionMask = 2147483647;
			files = (
				900675AF2B590531009092FD /* CurrencyRates.swift in Sources */,
				900675A32B5904AC009092FD /* APIServiceProtocol.swift in Sources */,
				900675A92B5904FE009092FD /* FailedResponse.swift in Sources */,
				900675952B5903F7009092FD /* CurrencyStorage.swift in Sources */,
				907802BA2B57BC38007BA87C /* ExchangeView.swift in Sources */,
				9006759D2B59045C009092FD /* UserDefaults+Wrapper.swift in Sources */,
				900675B82B5905A0009092FD /* Currency.swift in Sources */,
				900675932B59035A009092FD /* CurrencyViewModel.swift in Sources */,
				900675992B590415009092FD /* CurrencyAPIService.swift in Sources */,
				900675B22B59056D009092FD /* NumberFormatters.swift in Sources */,
				900675AC2B590516009092FD /* Date+Today.swift in Sources */,
				900675A62B5904EB009092FD /* NetworkError.swift in Sources */,
				900675B52B59058B009092FD /* Constants.swift in Sources */,
				900675A02B590471009092FD /* CurrencyStorageProtocol.swift in Sources */,
				907802B82B57BC38007BA87C /* ExchangeCurrencyClientApp.swift in Sources */,
			);
			runOnlyForDeploymentPostprocessing = 0;
		};
		907802C02B57BC39007BA87C /* Sources */ = {
			isa = PBXSourcesBuildPhase;
			buildActionMask = 2147483647;
			files = (
				907802C92B57BC39007BA87C /* CurrencyViewModelTests.swift in Sources */,
				900675AD2B590516009092FD /* Date+Today.swift in Sources */,
				900675A72B5904EB009092FD /* NetworkError.swift in Sources */,
				900675B02B590531009092FD /* CurrencyRates.swift in Sources */,
				900675A42B5904AC009092FD /* APIServiceProtocol.swift in Sources */,
				900675B32B59056D009092FD /* NumberFormatters.swift in Sources */,
				9006759A2B590415009092FD /* CurrencyAPIService.swift in Sources */,
				900675B62B59058B009092FD /* Constants.swift in Sources */,
				9006759E2B59045C009092FD /* UserDefaults+Wrapper.swift in Sources */,
				900675962B590401009092FD /* CurrencyViewModel.swift in Sources */,
				900675AA2B5904FE009092FD /* FailedResponse.swift in Sources */,
				900675A12B590471009092FD /* CurrencyStorageProtocol.swift in Sources */,
				900675B92B5905A0009092FD /* Currency.swift in Sources */,
				900675972B590403009092FD /* CurrencyStorage.swift in Sources */,
			);
			runOnlyForDeploymentPostprocessing = 0;
		};
/* End PBXSourcesBuildPhase section */

/* Begin PBXTargetDependency section */
		907802C62B57BC39007BA87C /* PBXTargetDependency */ = {
			isa = PBXTargetDependency;
			target = 907802B32B57BC38007BA87C /* ExchangeCurrencyClient */;
			targetProxy = 907802C52B57BC39007BA87C /* PBXContainerItemProxy */;
		};
/* End PBXTargetDependency section */

/* Begin XCBuildConfiguration section */
		907802D62B57BC39007BA87C /* Debug */ = {
			isa = XCBuildConfiguration;
			buildSettings = {
				ALWAYS_SEARCH_USER_PATHS = NO;
				ASSETCATALOG_COMPILER_GENERATE_SWIFT_ASSET_SYMBOL_EXTENSIONS = YES;
				CLANG_ANALYZER_NONNULL = YES;
				CLANG_ANALYZER_NUMBER_OBJECT_CONVERSION = YES_AGGRESSIVE;
				CLANG_CXX_LANGUAGE_STANDARD = "gnu++20";
				CLANG_ENABLE_MODULES = YES;
				CLANG_ENABLE_OBJC_ARC = YES;
				CLANG_ENABLE_OBJC_WEAK = YES;
				CLANG_WARN_BLOCK_CAPTURE_AUTORELEASING = YES;
				CLANG_WARN_BOOL_CONVERSION = YES;
				CLANG_WARN_COMMA = YES;
				CLANG_WARN_CONSTANT_CONVERSION = YES;
				CLANG_WARN_DEPRECATED_OBJC_IMPLEMENTATIONS = YES;
				CLANG_WARN_DIRECT_OBJC_ISA_USAGE = YES_ERROR;
				CLANG_WARN_DOCUMENTATION_COMMENTS = YES;
				CLANG_WARN_EMPTY_BODY = YES;
				CLANG_WARN_ENUM_CONVERSION = YES;
				CLANG_WARN_INFINITE_RECURSION = YES;
				CLANG_WARN_INT_CONVERSION = YES;
				CLANG_WARN_NON_LITERAL_NULL_CONVERSION = YES;
				CLANG_WARN_OBJC_IMPLICIT_RETAIN_SELF = YES;
				CLANG_WARN_OBJC_LITERAL_CONVERSION = YES;
				CLANG_WARN_OBJC_ROOT_CLASS = YES_ERROR;
				CLANG_WARN_QUOTED_INCLUDE_IN_FRAMEWORK_HEADER = YES;
				CLANG_WARN_RANGE_LOOP_ANALYSIS = YES;
				CLANG_WARN_STRICT_PROTOTYPES = YES;
				CLANG_WARN_SUSPICIOUS_MOVE = YES;
				CLANG_WARN_UNGUARDED_AVAILABILITY = YES_AGGRESSIVE;
				CLANG_WARN_UNREACHABLE_CODE = YES;
				CLANG_WARN__DUPLICATE_METHOD_MATCH = YES;
				COPY_PHASE_STRIP = NO;
				DEBUG_INFORMATION_FORMAT = dwarf;
				ENABLE_STRICT_OBJC_MSGSEND = YES;
				ENABLE_TESTABILITY = YES;
				ENABLE_USER_SCRIPT_SANDBOXING = YES;
				GCC_C_LANGUAGE_STANDARD = gnu17;
				GCC_DYNAMIC_NO_PIC = NO;
				GCC_NO_COMMON_BLOCKS = YES;
				GCC_OPTIMIZATION_LEVEL = 0;
				GCC_PREPROCESSOR_DEFINITIONS = (
					"DEBUG=1",
					"$(inherited)",
				);
				GCC_WARN_64_TO_32_BIT_CONVERSION = YES;
				GCC_WARN_ABOUT_RETURN_TYPE = YES_ERROR;
				GCC_WARN_UNDECLARED_SELECTOR = YES;
				GCC_WARN_UNINITIALIZED_AUTOS = YES_AGGRESSIVE;
				GCC_WARN_UNUSED_FUNCTION = YES;
				GCC_WARN_UNUSED_VARIABLE = YES;
				IPHONEOS_DEPLOYMENT_TARGET = 17.2;
				LOCALIZATION_PREFERS_STRING_CATALOGS = YES;
				MTL_ENABLE_DEBUG_INFO = INCLUDE_SOURCE;
				MTL_FAST_MATH = YES;
				ONLY_ACTIVE_ARCH = YES;
				SDKROOT = iphoneos;
				SWIFT_ACTIVE_COMPILATION_CONDITIONS = "DEBUG $(inherited)";
				SWIFT_OPTIMIZATION_LEVEL = "-Onone";
			};
			name = Debug;
		};
		907802D72B57BC39007BA87C /* Release */ = {
			isa = XCBuildConfiguration;
			buildSettings = {
				ALWAYS_SEARCH_USER_PATHS = NO;
				ASSETCATALOG_COMPILER_GENERATE_SWIFT_ASSET_SYMBOL_EXTENSIONS = YES;
				CLANG_ANALYZER_NONNULL = YES;
				CLANG_ANALYZER_NUMBER_OBJECT_CONVERSION = YES_AGGRESSIVE;
				CLANG_CXX_LANGUAGE_STANDARD = "gnu++20";
				CLANG_ENABLE_MODULES = YES;
				CLANG_ENABLE_OBJC_ARC = YES;
				CLANG_ENABLE_OBJC_WEAK = YES;
				CLANG_WARN_BLOCK_CAPTURE_AUTORELEASING = YES;
				CLANG_WARN_BOOL_CONVERSION = YES;
				CLANG_WARN_COMMA = YES;
				CLANG_WARN_CONSTANT_CONVERSION = YES;
				CLANG_WARN_DEPRECATED_OBJC_IMPLEMENTATIONS = YES;
				CLANG_WARN_DIRECT_OBJC_ISA_USAGE = YES_ERROR;
				CLANG_WARN_DOCUMENTATION_COMMENTS = YES;
				CLANG_WARN_EMPTY_BODY = YES;
				CLANG_WARN_ENUM_CONVERSION = YES;
				CLANG_WARN_INFINITE_RECURSION = YES;
				CLANG_WARN_INT_CONVERSION = YES;
				CLANG_WARN_NON_LITERAL_NULL_CONVERSION = YES;
				CLANG_WARN_OBJC_IMPLICIT_RETAIN_SELF = YES;
				CLANG_WARN_OBJC_LITERAL_CONVERSION = YES;
				CLANG_WARN_OBJC_ROOT_CLASS = YES_ERROR;
				CLANG_WARN_QUOTED_INCLUDE_IN_FRAMEWORK_HEADER = YES;
				CLANG_WARN_RANGE_LOOP_ANALYSIS = YES;
				CLANG_WARN_STRICT_PROTOTYPES = YES;
				CLANG_WARN_SUSPICIOUS_MOVE = YES;
				CLANG_WARN_UNGUARDED_AVAILABILITY = YES_AGGRESSIVE;
				CLANG_WARN_UNREACHABLE_CODE = YES;
				CLANG_WARN__DUPLICATE_METHOD_MATCH = YES;
				COPY_PHASE_STRIP = NO;
				DEBUG_INFORMATION_FORMAT = "dwarf-with-dsym";
				ENABLE_NS_ASSERTIONS = NO;
				ENABLE_STRICT_OBJC_MSGSEND = YES;
				ENABLE_USER_SCRIPT_SANDBOXING = YES;
				GCC_C_LANGUAGE_STANDARD = gnu17;
				GCC_NO_COMMON_BLOCKS = YES;
				GCC_WARN_64_TO_32_BIT_CONVERSION = YES;
				GCC_WARN_ABOUT_RETURN_TYPE = YES_ERROR;
				GCC_WARN_UNDECLARED_SELECTOR = YES;
				GCC_WARN_UNINITIALIZED_AUTOS = YES_AGGRESSIVE;
				GCC_WARN_UNUSED_FUNCTION = YES;
				GCC_WARN_UNUSED_VARIABLE = YES;
				IPHONEOS_DEPLOYMENT_TARGET = 17.2;
				LOCALIZATION_PREFERS_STRING_CATALOGS = YES;
				MTL_ENABLE_DEBUG_INFO = NO;
				MTL_FAST_MATH = YES;
				SDKROOT = iphoneos;
				SWIFT_COMPILATION_MODE = wholemodule;
				VALIDATE_PRODUCT = YES;
			};
			name = Release;
		};
		907802D92B57BC39007BA87C /* Debug */ = {
			isa = XCBuildConfiguration;
			buildSettings = {
				ASSETCATALOG_COMPILER_APPICON_NAME = AppIcon;
				ASSETCATALOG_COMPILER_GLOBAL_ACCENT_COLOR_NAME = AccentColor;
				CODE_SIGN_STYLE = Automatic;
				CURRENT_PROJECT_VERSION = 1;
				DEVELOPMENT_ASSET_PATHS = "\"ExchangeCurrencyClient/Preview Content\"";
				ENABLE_PREVIEWS = YES;
				GENERATE_INFOPLIST_FILE = YES;
				INFOPLIST_FILE = ExchangeCurrencyClient/Info.plist;
				INFOPLIST_KEY_UIApplicationSceneManifest_Generation = YES;
				INFOPLIST_KEY_UIApplicationSupportsIndirectInputEvents = YES;
				INFOPLIST_KEY_UILaunchScreen_Generation = YES;
				INFOPLIST_KEY_UISupportedInterfaceOrientations_iPad = "UIInterfaceOrientationPortrait UIInterfaceOrientationPortraitUpsideDown UIInterfaceOrientationLandscapeLeft UIInterfaceOrientationLandscapeRight";
				INFOPLIST_KEY_UISupportedInterfaceOrientations_iPhone = "UIInterfaceOrientationPortrait UIInterfaceOrientationLandscapeLeft UIInterfaceOrientationLandscapeRight";
				LD_RUNPATH_SEARCH_PATHS = (
					"$(inherited)",
					"@executable_path/Frameworks",
				);
				MARKETING_VERSION = 1.0;
				PRODUCT_BUNDLE_IDENTIFIER = com.agubarenko.ExchangeCurrencyClient;
				PRODUCT_NAME = "$(TARGET_NAME)";
				SWIFT_EMIT_LOC_STRINGS = YES;
				SWIFT_VERSION = 5.0;
				TARGETED_DEVICE_FAMILY = "1,2";
			};
			name = Debug;
		};
		907802DA2B57BC39007BA87C /* Release */ = {
			isa = XCBuildConfiguration;
			buildSettings = {
				ASSETCATALOG_COMPILER_APPICON_NAME = AppIcon;
				ASSETCATALOG_COMPILER_GLOBAL_ACCENT_COLOR_NAME = AccentColor;
				CODE_SIGN_STYLE = Automatic;
				CURRENT_PROJECT_VERSION = 1;
				DEVELOPMENT_ASSET_PATHS = "\"ExchangeCurrencyClient/Preview Content\"";
				ENABLE_PREVIEWS = YES;
				GENERATE_INFOPLIST_FILE = YES;
				INFOPLIST_FILE = ExchangeCurrencyClient/Info.plist;
				INFOPLIST_KEY_UIApplicationSceneManifest_Generation = YES;
				INFOPLIST_KEY_UIApplicationSupportsIndirectInputEvents = YES;
				INFOPLIST_KEY_UILaunchScreen_Generation = YES;
				INFOPLIST_KEY_UISupportedInterfaceOrientations_iPad = "UIInterfaceOrientationPortrait UIInterfaceOrientationPortraitUpsideDown UIInterfaceOrientationLandscapeLeft UIInterfaceOrientationLandscapeRight";
				INFOPLIST_KEY_UISupportedInterfaceOrientations_iPhone = "UIInterfaceOrientationPortrait UIInterfaceOrientationLandscapeLeft UIInterfaceOrientationLandscapeRight";
				LD_RUNPATH_SEARCH_PATHS = (
					"$(inherited)",
					"@executable_path/Frameworks",
				);
				MARKETING_VERSION = 1.0;
				PRODUCT_BUNDLE_IDENTIFIER = com.agubarenko.ExchangeCurrencyClient;
				PRODUCT_NAME = "$(TARGET_NAME)";
				SWIFT_EMIT_LOC_STRINGS = YES;
				SWIFT_VERSION = 5.0;
				TARGETED_DEVICE_FAMILY = "1,2";
			};
			name = Release;
		};
		907802DC2B57BC39007BA87C /* Debug */ = {
			isa = XCBuildConfiguration;
			buildSettings = {
				ALWAYS_EMBED_SWIFT_STANDARD_LIBRARIES = YES;
				BUNDLE_LOADER = "$(TEST_HOST)";
				CODE_SIGN_STYLE = Automatic;
				CURRENT_PROJECT_VERSION = 1;
				GENERATE_INFOPLIST_FILE = YES;
				IPHONEOS_DEPLOYMENT_TARGET = 17.2;
				MARKETING_VERSION = 1.0;
				PRODUCT_BUNDLE_IDENTIFIER = com.agubarenko.ExchangeCurrencyClientTests;
				PRODUCT_NAME = "$(TARGET_NAME)";
				SWIFT_EMIT_LOC_STRINGS = NO;
				SWIFT_VERSION = 5.0;
				TARGETED_DEVICE_FAMILY = "1,2";
				TEST_HOST = "$(BUILT_PRODUCTS_DIR)/ExchangeCurrencyClient.app/$(BUNDLE_EXECUTABLE_FOLDER_PATH)/ExchangeCurrencyClient";
			};
			name = Debug;
		};
		907802DD2B57BC39007BA87C /* Release */ = {
			isa = XCBuildConfiguration;
			buildSettings = {
				ALWAYS_EMBED_SWIFT_STANDARD_LIBRARIES = YES;
				BUNDLE_LOADER = "$(TEST_HOST)";
				CODE_SIGN_STYLE = Automatic;
				CURRENT_PROJECT_VERSION = 1;
				GENERATE_INFOPLIST_FILE = YES;
				IPHONEOS_DEPLOYMENT_TARGET = 17.2;
				MARKETING_VERSION = 1.0;
				PRODUCT_BUNDLE_IDENTIFIER = com.agubarenko.ExchangeCurrencyClientTests;
				PRODUCT_NAME = "$(TARGET_NAME)";
				SWIFT_EMIT_LOC_STRINGS = NO;
				SWIFT_VERSION = 5.0;
				TARGETED_DEVICE_FAMILY = "1,2";
				TEST_HOST = "$(BUILT_PRODUCTS_DIR)/ExchangeCurrencyClient.app/$(BUNDLE_EXECUTABLE_FOLDER_PATH)/ExchangeCurrencyClient";
			};
			name = Release;
		};
/* End XCBuildConfiguration section */

/* Begin XCConfigurationList section */
		907802AF2B57BC38007BA87C /* Build configuration list for PBXProject "ExchangeCurrencyClient" */ = {
			isa = XCConfigurationList;
			buildConfigurations = (
				907802D62B57BC39007BA87C /* Debug */,
				907802D72B57BC39007BA87C /* Release */,
			);
			defaultConfigurationIsVisible = 0;
			defaultConfigurationName = Release;
		};
		907802D82B57BC39007BA87C /* Build configuration list for PBXNativeTarget "ExchangeCurrencyClient" */ = {
			isa = XCConfigurationList;
			buildConfigurations = (
				907802D92B57BC39007BA87C /* Debug */,
				907802DA2B57BC39007BA87C /* Release */,
			);
			defaultConfigurationIsVisible = 0;
			defaultConfigurationName = Release;
		};
		907802DB2B57BC39007BA87C /* Build configuration list for PBXNativeTarget "ExchangeCurrencyClientTests" */ = {
			isa = XCConfigurationList;
			buildConfigurations = (
				907802DC2B57BC39007BA87C /* Debug */,
				907802DD2B57BC39007BA87C /* Release */,
			);
			defaultConfigurationIsVisible = 0;
			defaultConfigurationName = Release;
		};
/* End XCConfigurationList section */
	};
	rootObject = 907802AC2B57BC38007BA87C /* Project object */;
}
